
Microsoft Visual Studio Solution File, Format Version 12.00
# Visual Studio 14
VisualStudioVersion = 14.0.23107.0
MinimumVisualStudioVersion = 10.0.40219.1
Project("{FAE04EC0-301F-11D3-BF4B-00C04F79EFBC}") = "Qujck.MarkdownEditor", "Qujck.MarkdownEditor\Qujck.MarkdownEditor.csproj", "{BA80835D-62AC-483C-84A6-4B179FAEA5CA}"
EndProject
Project("{FAE04EC0-301F-11D3-BF4B-00C04F79EFBC}") = "Qujck.MarkdownEditor.Tests.Unit", "Qujck.MarkdownEditor.Tests.Unit\Qujck.MarkdownEditor.Tests.Unit.csproj", "{6105B19A-643B-42B0-B71D-B6AFD4523C4D}"
EndProject
Project("{2150E333-8FDC-42A3-9474-1A3956D46DE8}") = "Solution Items", "Solution Items", "{4E0A783F-ED57-4BC6-80AA-D472EB9E26B6}"
	ProjectSection(SolutionItems) = preProject
		Qujck.MarkdownEditor\Image1.png = Qujck.MarkdownEditor\Image1.png
		Qujck.MarkdownEditor\Image2.png = Qujck.MarkdownEditor\Image2.png
		Qujck.MarkdownEditor\Image3.png = Qujck.MarkdownEditor\Image3.png
		Qujck.MarkdownEditor\Image4.png = Qujck.MarkdownEditor\Image4.png
		Qujck.MarkdownEditor.ndproj = Qujck.MarkdownEditor.ndproj
	EndProjectSection
EndProject
Project("{FAE04EC0-301F-11D3-BF4B-00C04F79EFBC}") = "Qujck.MarkdownEditor.Specs", "Qujck.MarkdownEditor.Specs\Qujck.MarkdownEditor.Specs.csproj", "{C2034779-5A6F-4E12-B82A-7C40D87001CB}"
EndProject
Global
	GlobalSection(SolutionConfigurationPlatforms) = preSolution
		Debug|Any CPU = Debug|Any CPU
		Release|Any CPU = Release|Any CPU
	EndGlobalSection
	GlobalSection(ProjectConfigurationPlatforms) = postSolution
		{BA80835D-62AC-483C-84A6-4B179FAEA5CA}.Debug|Any CPU.ActiveCfg = Debug|Any CPU
		{BA80835D-62AC-483C-84A6-4B179FAEA5CA}.Debug|Any CPU.Build.0 = Debug|Any CPU
		{BA80835D-62AC-483C-84A6-4B179FAEA5CA}.Release|Any CPU.ActiveCfg = Release|Any CPU
		{BA80835D-62AC-483C-84A6-4B179FAEA5CA}.Release|Any CPU.Build.0 = Release|Any CPU
		{6105B19A-643B-42B0-B71D-B6AFD4523C4D}.Debug|Any CPU.ActiveCfg = Debug|Any CPU
		{6105B19A-643B-42B0-B71D-B6AFD4523C4D}.Debug|Any CPU.Build.0 = Debug|Any CPU
		{6105B19A-643B-42B0-B71D-B6AFD4523C4D}.Release|Any CPU.ActiveCfg = Release|Any CPU
		{6105B19A-643B-42B0-B71D-B6AFD4523C4D}.Release|Any CPU.Build.0 = Release|Any CPU
		{C2034779-5A6F-4E12-B82A-7C40D87001CB}.Debug|Any CPU.ActiveCfg = Debug|Any CPU
		{C2034779-5A6F-4E12-B82A-7C40D87001CB}.Debug|Any CPU.Build.0 = Debug|Any CPU
		{C2034779-5A6F-4E12-B82A-7C40D87001CB}.Release|Any CPU.ActiveCfg = Release|Any CPU
		{C2034779-5A6F-4E12-B82A-7C40D87001CB}.Release|Any CPU.Build.0 = Release|Any CPU
	EndGlobalSection
	GlobalSection(SolutionProperties) = preSolution
		HideSolutionNode = FALSE
	EndGlobalSection
EndGlobal
